{
  "name": "photuseretratus.pt",
  "lockfileVersion": 2,
  "requires": true,
  "packages": {
    "": {
      "dependencies": {
        "imagekit-javascript": "^1.4.0"
      }
    },
    "node_modules/imagekit-javascript": {
      "version": "1.4.0",
      "resolved": "https://registry.npmjs.org/imagekit-javascript/-/imagekit-javascript-1.4.0.tgz",
      "integrity": "sha512-LY2vFfm6f1xqzDHQ4FKDynAlSQaIl6B7bM2OeXyquPCSzp3evnZYjhcfqHa2ZVtwCh20t9hLuJoYe4xyYY8P8Q=="
    }
  },
  "dependencies": {
    "imagekit-javascript": {
      "version": "1.4.0",
      "resolved": "https://registry.npmjs.org/imagekit-javascript/-/imagekit-javascript-1.4.0.tgz",
      "integrity": "sha512-LY2vFfm6f1xqzDHQ4FKDynAlSQaIl6B7bM2OeXyquPCSzp3evnZYjhcfqHa2ZVtwCh20t9hLuJoYe4xyYY8P8Q=="
    }
  }
}
